
Microsoft Visual Studio Solution File, Format Version 10.00
# Visual C++ Express 2008
Project("{8BC9CEB8-8B4A-11D0-8D11-00A0C91BC942}") = "smse", "smse.vcproj", "{7885E6CC-9A3C-4FCC-A2AC-5731E8255E25}"
EndProject
Global
	GlobalSection(SolutionConfigurationPlatforms) = preSolution
		DLL Unicode Debug|Win32 = DLL Unicode Debug|Win32
		DLL Unicode Release|Win32 = DLL Unicode Release|Win32
		Unicode Debug|Win32 = Unicode Debug|Win32
		Unicode Release|Win32 = Unicode Release|Win32
	EndGlobalSection
	GlobalSection(ProjectConfigurationPlatforms) = postSolution
		{7885E6CC-9A3C-4FCC-A2AC-5731E8255E25}.DLL Unicode Debug|Win32.ActiveCfg = DLL Unicode Debug|Win32
		{7885E6CC-9A3C-4FCC-A2AC-5731E8255E25}.DLL Unicode Debug|Win32.Build.0 = DLL Unicode Debug|Win32
		{7885E6CC-9A3C-4FCC-A2AC-5731E8255E25}.DLL Unicode Release|Win32.ActiveCfg = DLL Unicode Release|Win32
		{7885E6CC-9A3C-4FCC-A2AC-5731E8255E25}.DLL Unicode Release|Win32.Build.0 = DLL Unicode Release|Win32
		{7885E6CC-9A3C-4FCC-A2AC-5731E8255E25}.Unicode Debug|Win32.ActiveCfg = Unicode Debug|Win32
		{7885E6CC-9A3C-4FCC-A2AC-5731E8255E25}.Unicode Debug|Win32.Build.0 = Unicode Debug|Win32
		{7885E6CC-9A3C-4FCC-A2AC-5731E8255E25}.Unicode Release|Win32.ActiveCfg = Unicode Release|Win32
		{7885E6CC-9A3C-4FCC-A2AC-5731E8255E25}.Unicode Release|Win32.Build.0 = Unicode Release|Win32
	EndGlobalSection
	GlobalSection(SolutionProperties) = preSolution
		HideSolutionNode = FALSE
	EndGlobalSection
EndGlobal
